
Microsoft Visual Studio Solution File, Format Version 12.00
# Visual Studio 15
VisualStudioVersion = 15.0.27130.2036
MinimumVisualStudioVersion = 10.0.40219.1
Project("{E24C65DC-7377-472B-9ABA-BC803B73C61A}") = "MyFirstASPNetSite", "MyFirstASPNetSite\", "{F7BBF9D1-7762-4DF7-8D5F-D301FA721CD0}"
	ProjectSection(WebsiteProperties) = preProject
		TargetFrameworkMoniker = ".NETFramework,Version%3Dv4.6.1"
		Debug.AspNetCompiler.VirtualPath = "/localhost_13652"
		Debug.AspNetCompiler.PhysicalPath = "MyFirstASPNetSite\"
		Debug.AspNetCompiler.TargetPath = "PrecompiledWeb\localhost_13652\"
		Debug.AspNetCompiler.Updateable = "true"
		Debug.AspNetCompiler.ForceOverwrite = "true"
		Debug.AspNetCompiler.FixedNames = "false"
		Debug.AspNetCompiler.Debug = "True"
		Release.AspNetCompiler.VirtualPath = "/localhost_13652"
		Release.AspNetCompiler.PhysicalPath = "MyFirstASPNetSite\"
		Release.AspNetCompiler.TargetPath = "PrecompiledWeb\localhost_13652\"
		Release.AspNetCompiler.Updateable = "true"
		Release.AspNetCompiler.ForceOverwrite = "true"
		Release.AspNetCompiler.FixedNames = "false"
		Release.AspNetCompiler.Debug = "False"
		VWDPort = "13652"
		SlnRelativePath = "MyFirstASPNetSite\"
		DefaultWebSiteLanguage = "Visual C#"
	EndProjectSection
EndProject
Global
	GlobalSection(SolutionConfigurationPlatforms) = preSolution
		Debug|Any CPU = Debug|Any CPU
	EndGlobalSection
	GlobalSection(ProjectConfigurationPlatforms) = postSolution
		{F7BBF9D1-7762-4DF7-8D5F-D301FA721CD0}.Debug|Any CPU.ActiveCfg = Debug|Any CPU
		{F7BBF9D1-7762-4DF7-8D5F-D301FA721CD0}.Debug|Any CPU.Build.0 = Debug|Any CPU
	EndGlobalSection
	GlobalSection(SolutionProperties) = preSolution
		HideSolutionNode = FALSE
	EndGlobalSection
	GlobalSection(ExtensibilityGlobals) = postSolution
		SolutionGuid = {19C9586E-6D6B-4C35-B241-BA26A92FC420}
	EndGlobalSection
EndGlobal
